// !$*UTF8*$!
{
	archiveVersion = 1;
	classes = {
	};
	objectVersion = 56;
	objects = {

/* Begin PBXBuildFile section */
		5C0D9E822A755F89005BCB62 /* MagnifyGlassView.swift in Sources */ = {isa = PBXBuildFile; fileRef = 5C0D9E812A755F89005BCB62 /* MagnifyGlassView.swift */; };
		5C2170472A7D36920031B5EC /* SwiftUIX in Frameworks */ = {isa = PBXBuildFile; productRef = 5C2170462A7D36920031B5EC /* SwiftUIX */; };
		5C9EE7E62A7A8AF200634728 /* ThreadsInvite.swift in Sources */ = {isa = PBXBuildFile; fileRef = 5C9EE7E52A7A8AF200634728 /* ThreadsInvite.swift */; };
		5C9EE7E82A7AA02D00634728 /* RotateText.swift in Sources */ = {isa = PBXBuildFile; fileRef = 5C9EE7E72A7AA02D00634728 /* RotateText.swift */; };
		5CC424022A77E89400F9B1CC /* TorchView.swift in Sources */ = {isa = PBXBuildFile; fileRef = 5CC424012A77E89400F9B1CC /* TorchView.swift */; };
		5CF994082A2255BA00C04D44 /* QuickAnimationApp.swift in Sources */ = {isa = PBXBuildFile; fileRef = 5CF994072A2255BA00C04D44 /* QuickAnimationApp.swift */; };
		5CF9940A2A2255BA00C04D44 /* ContentView.swift in Sources */ = {isa = PBXBuildFile; fileRef = 5CF994092A2255BA00C04D44 /* ContentView.swift */; };
		5CF9940C2A2255BC00C04D44 /* Assets.xcassets in Resources */ = {isa = PBXBuildFile; fileRef = 5CF9940B2A2255BC00C04D44 /* Assets.xcassets */; };
		5CF9940F2A2255BC00C04D44 /* Preview Assets.xcassets in Resources */ = {isa = PBXBuildFile; fileRef = 5CF9940E2A2255BC00C04D44 /* Preview Assets.xcassets */; };
/* End PBXBuildFile section */

/* Begin PBXFileReference section */
		5C0D9E812A755F89005BCB62 /* MagnifyGlassView.swift */ = {isa = PBXFileReference; lastKnownFileType = sourcecode.swift; path = MagnifyGlassView.swift; sourceTree = "<group>"; };
		5C9EE7E52A7A8AF200634728 /* ThreadsInvite.swift */ = {isa = PBXFileReference; lastKnownFileType = sourcecode.swift; path = ThreadsInvite.swift; sourceTree = "<group>"; };
		5C9EE7E72A7AA02D00634728 /* RotateText.swift */ = {isa = PBXFileReference; lastKnownFileType = sourcecode.swift; path = RotateText.swift; sourceTree = "<group>"; };
		5CC424012A77E89400F9B1CC /* TorchView.swift */ = {isa = PBXFileReference; lastKnownFileType = sourcecode.swift; path = TorchView.swift; sourceTree = "<group>"; };
		5CF994042A2255BA00C04D44 /* QuickAnimation.app */ = {isa = PBXFileReference; explicitFileType = wrapper.application; includeInIndex = 0; path = QuickAnimation.app; sourceTree = BUILT_PRODUCTS_DIR; };
		5CF994072A2255BA00C04D44 /* QuickAnimationApp.swift */ = {isa = PBXFileReference; lastKnownFileType = sourcecode.swift; path = QuickAnimationApp.swift; sourceTree = "<group>"; };
		5CF994092A2255BA00C04D44 /* ContentView.swift */ = {isa = PBXFileReference; lastKnownFileType = sourcecode.swift; path = ContentView.swift; sourceTree = "<group>"; };
		5CF9940B2A2255BC00C04D44 /* Assets.xcassets */ = {isa = PBXFileReference; lastKnownFileType = folder.assetcatalog; path = Assets.xcassets; sourceTree = "<group>"; };
		5CF9940E2A2255BC00C04D44 /* Preview Assets.xcassets */ = {isa = PBXFileReference; lastKnownFileType = folder.assetcatalog; path = "Preview Assets.xcassets"; sourceTree = "<group>"; };
/* End PBXFileReference section */

/* Begin PBXFrameworksBuildPhase section */
		5CF994012A2255BA00C04D44 /* Frameworks */ = {
			isa = PBXFrameworksBuildPhase;
			buildActionMask = 2147483647;
			files = (
				5C2170472A7D36920031B5EC /* SwiftUIX in Frameworks */,
			);
			runOnlyForDeploymentPostprocessing = 0;
		};
/* End PBXFrameworksBuildPhase section */

/* Begin PBXGroup section */
		5C0D9E7E2A755EE3005BCB62 /* collection */ = {
			isa = PBXGroup;
			children = (
				5C0D9E812A755F89005BCB62 /* MagnifyGlassView.swift */,
				5CC424012A77E89400F9B1CC /* TorchView.swift */,
				5C9EE7E52A7A8AF200634728 /* ThreadsInvite.swift */,
				5C9EE7E72A7AA02D00634728 /* RotateText.swift */,
			);
			path = collection;
			sourceTree = "<group>";
		};
		5CF993FB2A2255B900C04D44 = {
			isa = PBXGroup;
			children = (
				5CF994062A2255BA00C04D44 /* QuickAnimation */,
				5CF994052A2255BA00C04D44 /* Products */,
			);
			sourceTree = "<group>";
		};
		5CF994052A2255BA00C04D44 /* Products */ = {
			isa = PBXGroup;
			children = (
				5CF994042A2255BA00C04D44 /* QuickAnimation.app */,
			);
			name = Products;
			sourceTree = "<group>";
		};
		5CF994062A2255BA00C04D44 /* QuickAnimation */ = {
			isa = PBXGroup;
			children = (
				5C0D9E7E2A755EE3005BCB62 /* collection */,
				5CF994072A2255BA00C04D44 /* QuickAnimationApp.swift */,
				5CF994092A2255BA00C04D44 /* ContentView.swift */,
				5CF9940B2A2255BC00C04D44 /* Assets.xcassets */,
				5CF9940D2A2255BC00C04D44 /* Preview Content */,
			);
			path = QuickAnimation;
			sourceTree = "<group>";
		};
		5CF9940D2A2255BC00C04D44 /* Preview Content */ = {
			isa = PBXGroup;
			children = (
				5CF9940E2A2255BC00C04D44 /* Preview Assets.xcassets */,
			);
			path = "Preview Content";
			sourceTree = "<group>";
		};
/* End PBXGroup section */

/* Begin PBXNativeTarget section */
		5CF994032A2255BA00C04D44 /* QuickAnimation */ = {
			isa = PBXNativeTarget;
			buildConfigurationList = 5CF994122A2255BC00C04D44 /* Build configuration list for PBXNativeTarget "QuickAnimation" */;
			buildPhases = (
				5CF994002A2255BA00C04D44 /* Sources */,
				5CF994012A2255BA00C04D44 /* Frameworks */,
				5CF994022A2255BA00C04D44 /* Resources */,
			);
			buildRules = (
			);
			dependencies = (
			);
			name = QuickAnimation;
			packageProductDependencies = (
				5C2170462A7D36920031B5EC /* SwiftUIX */,
			);
			productName = QuickAnimation;
			productReference = 5CF994042A2255BA00C04D44 /* QuickAnimation.app */;
			productType = "com.apple.product-type.application";
		};
/* End PBXNativeTarget section */

/* Begin PBXProject section */
		5CF993FC2A2255B900C04D44 /* Project object */ = {
			isa = PBXProject;
			attributes = {
				BuildIndependentTargetsInParallel = 1;
				LastSwiftUpdateCheck = 1430;
				LastUpgradeCheck = 1430;
				TargetAttributes = {
					5CF994032A2255BA00C04D44 = {
						CreatedOnToolsVersion = 14.3;
					};
				};
			};
			buildConfigurationList = 5CF993FF2A2255B900C04D44 /* Build configuration list for PBXProject "QuickAnimation" */;
			compatibilityVersion = "Xcode 14.0";
			developmentRegion = en;
			hasScannedForEncodings = 0;
			knownRegions = (
				en,
				Base,
			);
			mainGroup = 5CF993FB2A2255B900C04D44;
			packageReferences = (
				5C2170452A7D36920031B5EC /* XCRemoteSwiftPackageReference "SwiftUIX" */,
			);
			productRefGroup = 5CF994052A2255BA00C04D44 /* Products */;
			projectDirPath = "";
			projectRoot = "";
			targets = (
				5CF994032A2255BA00C04D44 /* QuickAnimation */,
			);
		};
/* End PBXProject section */

/* Begin PBXResourcesBuildPhase section */
		5CF994022A2255BA00C04D44 /* Resources */ = {
			isa = PBXResourcesBuildPhase;
			buildActionMask = 2147483647;
			files = (
				5CF9940F2A2255BC00C04D44 /* Preview Assets.xcassets in Resources */,
				5CF9940C2A2255BC00C04D44 /* Assets.xcassets in Resources */,
			);
			runOnlyForDeploymentPostprocessing = 0;
		};
/* End PBXResourcesBuildPhase section */

/* Begin PBXSourcesBuildPhase section */
		5CF994002A2255BA00C04D44 /* Sources */ = {
			isa = PBXSourcesBuildPhase;
			buildActionMask = 2147483647;
			files = (
				5CF9940A2A2255BA00C04D44 /* ContentView.swift in Sources */,
				5CC424022A77E89400F9B1CC /* TorchView.swift in Sources */,
				5CF994082A2255BA00C04D44 /* QuickAnimationApp.swift in Sources */,
				5C0D9E822A755F89005BCB62 /* MagnifyGlassView.swift in Sources */,
				5C9EE7E62A7A8AF200634728 /* ThreadsInvite.swift in Sources */,
				5C9EE7E82A7AA02D00634728 /* RotateText.swift in Sources */,
			);
			runOnlyForDeploymentPostprocessing = 0;
		};
/* End PBXSourcesBuildPhase section */

/* Begin XCBuildConfiguration section */
		5CF994102A2255BC00C04D44 /* Debug */ = {
			isa = XCBuildConfiguration;
			buildSettings = {
				ALWAYS_SEARCH_USER_PATHS = NO;
				CLANG_ANALYZER_NONNULL = YES;
				CLANG_ANALYZER_NUMBER_OBJECT_CONVERSION = YES_AGGRESSIVE;
				CLANG_CXX_LANGUAGE_STANDARD = "gnu++20";
				CLANG_ENABLE_MODULES = YES;
				CLANG_ENABLE_OBJC_ARC = YES;
				CLANG_ENABLE_OBJC_WEAK = YES;
				CLANG_WARN_BLOCK_CAPTURE_AUTORELEASING = YES;
				CLANG_WARN_BOOL_CONVERSION = YES;
				CLANG_WARN_COMMA = YES;
				CLANG_WARN_CONSTANT_CONVERSION = YES;
				CLANG_WARN_DEPRECATED_OBJC_IMPLEMENTATIONS = YES;
				CLANG_WARN_DIRECT_OBJC_ISA_USAGE = YES_ERROR;
				CLANG_WARN_DOCUMENTATION_COMMENTS = YES;
				CLANG_WARN_EMPTY_BODY = YES;
				CLANG_WARN_ENUM_CONVERSION = YES;
				CLANG_WARN_INFINITE_RECURSION = YES;
				CLANG_WARN_INT_CONVERSION = YES;
				CLANG_WARN_NON_LITERAL_NULL_CONVERSION = YES;
				CLANG_WARN_OBJC_IMPLICIT_RETAIN_SELF = YES;
				CLANG_WARN_OBJC_LITERAL_CONVERSION = YES;
				CLANG_WARN_OBJC_ROOT_CLASS = YES_ERROR;
				CLANG_WARN_QUOTED_INCLUDE_IN_FRAMEWORK_HEADER = YES;
				CLANG_WARN_RANGE_LOOP_ANALYSIS = YES;
				CLANG_WARN_STRICT_PROTOTYPES = YES;
				CLANG_WARN_SUSPICIOUS_MOVE = YES;
				CLANG_WARN_UNGUARDED_AVAILABILITY = YES_AGGRESSIVE;
				CLANG_WARN_UNREACHABLE_CODE = YES;
				CLANG_WARN__DUPLICATE_METHOD_MATCH = YES;
				COPY_PHASE_STRIP = NO;
				DEBUG_INFORMATION_FORMAT = dwarf;
				ENABLE_STRICT_OBJC_MSGSEND = YES;
				ENABLE_TESTABILITY = YES;
				GCC_C_LANGUAGE_STANDARD = gnu11;
				GCC_DYNAMIC_NO_PIC = NO;
				GCC_NO_COMMON_BLOCKS = YES;
				GCC_OPTIMIZATION_LEVEL = 0;
				GCC_PREPROCESSOR_DEFINITIONS = (
					"DEBUG=1",
					"$(inherited)",
				);
				GCC_WARN_64_TO_32_BIT_CONVERSION = YES;
				GCC_WARN_ABOUT_RETURN_TYPE = YES_ERROR;
				GCC_WARN_UNDECLARED_SELECTOR = YES;
				GCC_WARN_UNINITIALIZED_AUTOS = YES_AGGRESSIVE;
				GCC_WARN_UNUSED_FUNCTION = YES;
				GCC_WARN_UNUSED_VARIABLE = YES;
				IPHONEOS_DEPLOYMENT_TARGET = 16.4;
				MTL_ENABLE_DEBUG_INFO = INCLUDE_SOURCE;
				MTL_FAST_MATH = YES;
				ONLY_ACTIVE_ARCH = YES;
				SDKROOT = iphoneos;
				SWIFT_ACTIVE_COMPILATION_CONDITIONS = DEBUG;
				SWIFT_OPTIMIZATION_LEVEL = "-Onone";
			};
			name = Debug;
		};
		5CF994112A2255BC00C04D44 /* Release */ = {
			isa = XCBuildConfiguration;
			buildSettings = {
				ALWAYS_SEARCH_USER_PATHS = NO;
				CLANG_ANALYZER_NONNULL = YES;
				CLANG_ANALYZER_NUMBER_OBJECT_CONVERSION = YES_AGGRESSIVE;
				CLANG_CXX_LANGUAGE_STANDARD = "gnu++20";
				CLANG_ENABLE_MODULES = YES;
				CLANG_ENABLE_OBJC_ARC = YES;
				CLANG_ENABLE_OBJC_WEAK = YES;
				CLANG_WARN_BLOCK_CAPTURE_AUTORELEASING = YES;
				CLANG_WARN_BOOL_CONVERSION = YES;
				CLANG_WARN_COMMA = YES;
				CLANG_WARN_CONSTANT_CONVERSION = YES;
				CLANG_WARN_DEPRECATED_OBJC_IMPLEMENTATIONS = YES;
				CLANG_WARN_DIRECT_OBJC_ISA_USAGE = YES_ERROR;
				CLANG_WARN_DOCUMENTATION_COMMENTS = YES;
				CLANG_WARN_EMPTY_BODY = YES;
				CLANG_WARN_ENUM_CONVERSION = YES;
				CLANG_WARN_INFINITE_RECURSION = YES;
				CLANG_WARN_INT_CONVERSION = YES;
				CLANG_WARN_NON_LITERAL_NULL_CONVERSION = YES;
				CLANG_WARN_OBJC_IMPLICIT_RETAIN_SELF = YES;
				CLANG_WARN_OBJC_LITERAL_CONVERSION = YES;
				CLANG_WARN_OBJC_ROOT_CLASS = YES_ERROR;
				CLANG_WARN_QUOTED_INCLUDE_IN_FRAMEWORK_HEADER = YES;
				CLANG_WARN_RANGE_LOOP_ANALYSIS = YES;
				CLANG_WARN_STRICT_PROTOTYPES = YES;
				CLANG_WARN_SUSPICIOUS_MOVE = YES;
				CLANG_WARN_UNGUARDED_AVAILABILITY = YES_AGGRESSIVE;
				CLANG_WARN_UNREACHABLE_CODE = YES;
				CLANG_WARN__DUPLICATE_METHOD_MATCH = YES;
				COPY_PHASE_STRIP = NO;
				DEBUG_INFORMATION_FORMAT = "dwarf-with-dsym";
				ENABLE_NS_ASSERTIONS = NO;
				ENABLE_STRICT_OBJC_MSGSEND = YES;
				GCC_C_LANGUAGE_STANDARD = gnu11;
				GCC_NO_COMMON_BLOCKS = YES;
				GCC_WARN_64_TO_32_BIT_CONVERSION = YES;
				GCC_WARN_ABOUT_RETURN_TYPE = YES_ERROR;
				GCC_WARN_UNDECLARED_SELECTOR = YES;
				GCC_WARN_UNINITIALIZED_AUTOS = YES_AGGRESSIVE;
				GCC_WARN_UNUSED_FUNCTION = YES;
				GCC_WARN_UNUSED_VARIABLE = YES;
				IPHONEOS_DEPLOYMENT_TARGET = 16.4;
				MTL_ENABLE_DEBUG_INFO = NO;
				MTL_FAST_MATH = YES;
				SDKROOT = iphoneos;
				SWIFT_COMPILATION_MODE = wholemodule;
				SWIFT_OPTIMIZATION_LEVEL = "-O";
				VALIDATE_PRODUCT = YES;
			};
			name = Release;
		};
		5CF994132A2255BC00C04D44 /* Debug */ = {
			isa = XCBuildConfiguration;
			buildSettings = {
				ASSETCATALOG_COMPILER_APPICON_NAME = AppIcon;
				ASSETCATALOG_COMPILER_GLOBAL_ACCENT_COLOR_NAME = AccentColor;
				CODE_SIGN_STYLE = Automatic;
				CURRENT_PROJECT_VERSION = 1;
				DEVELOPMENT_ASSET_PATHS = "\"QuickAnimation/Preview Content\"";
				DEVELOPMENT_TEAM = 56ZBSRTSDR;
				ENABLE_PREVIEWS = YES;
				GENERATE_INFOPLIST_FILE = YES;
				INFOPLIST_KEY_UIApplicationSceneManifest_Generation = YES;
				INFOPLIST_KEY_UIApplicationSupportsIndirectInputEvents = YES;
				INFOPLIST_KEY_UILaunchScreen_Generation = YES;
				INFOPLIST_KEY_UISupportedInterfaceOrientations_iPad = "UIInterfaceOrientationPortrait UIInterfaceOrientationPortraitUpsideDown UIInterfaceOrientationLandscapeLeft UIInterfaceOrientationLandscapeRight";
				INFOPLIST_KEY_UISupportedInterfaceOrientations_iPhone = "UIInterfaceOrientationPortrait UIInterfaceOrientationLandscapeLeft UIInterfaceOrientationLandscapeRight";
				LD_RUNPATH_SEARCH_PATHS = (
					"$(inherited)",
					"@executable_path/Frameworks",
				);
				MARKETING_VERSION = 1.0;
				PRODUCT_BUNDLE_IDENTIFIER = com.shreyasvilaschandrabhike.QuickAnimation;
				PRODUCT_NAME = "$(TARGET_NAME)";
				SWIFT_EMIT_LOC_STRINGS = YES;
				SWIFT_VERSION = 5.0;
				TARGETED_DEVICE_FAMILY = "1,2";
			};
			name = Debug;
		};
		5CF994142A2255BC00C04D44 /* Release */ = {
			isa = XCBuildConfiguration;
			buildSettings = {
				ASSETCATALOG_COMPILER_APPICON_NAME = AppIcon;
				ASSETCATALOG_COMPILER_GLOBAL_ACCENT_COLOR_NAME = AccentColor;
				CODE_SIGN_STYLE = Automatic;
				CURRENT_PROJECT_VERSION = 1;
				DEVELOPMENT_ASSET_PATHS = "\"QuickAnimation/Preview Content\"";
				DEVELOPMENT_TEAM = 56ZBSRTSDR;
				ENABLE_PREVIEWS = YES;
				GENERATE_INFOPLIST_FILE = YES;
				INFOPLIST_KEY_UIApplicationSceneManifest_Generation = YES;
				INFOPLIST_KEY_UIApplicationSupportsIndirectInputEvents = YES;
				INFOPLIST_KEY_UILaunchScreen_Generation = YES;
				INFOPLIST_KEY_UISupportedInterfaceOrientations_iPad = "UIInterfaceOrientationPortrait UIInterfaceOrientationPortraitUpsideDown UIInterfaceOrientationLandscapeLeft UIInterfaceOrientationLandscapeRight";
				INFOPLIST_KEY_UISupportedInterfaceOrientations_iPhone = "UIInterfaceOrientationPortrait UIInterfaceOrientationLandscapeLeft UIInterfaceOrientationLandscapeRight";
				LD_RUNPATH_SEARCH_PATHS = (
					"$(inherited)",
					"@executable_path/Frameworks",
				);
				MARKETING_VERSION = 1.0;
				PRODUCT_BUNDLE_IDENTIFIER = com.shreyasvilaschandrabhike.QuickAnimation;
				PRODUCT_NAME = "$(TARGET_NAME)";
				SWIFT_EMIT_LOC_STRINGS = YES;
				SWIFT_VERSION = 5.0;
				TARGETED_DEVICE_FAMILY = "1,2";
			};
			name = Release;
		};
/* End XCBuildConfiguration section */

/* Begin XCConfigurationList section */
		5CF993FF2A2255B900C04D44 /* Build configuration list for PBXProject "QuickAnimation" */ = {
			isa = XCConfigurationList;
			buildConfigurations = (
				5CF994102A2255BC00C04D44 /* Debug */,
				5CF994112A2255BC00C04D44 /* Release */,
			);
			defaultConfigurationIsVisible = 0;
			defaultConfigurationName = Release;
		};
		5CF994122A2255BC00C04D44 /* Build configuration list for PBXNativeTarget "QuickAnimation" */ = {
			isa = XCConfigurationList;
			buildConfigurations = (
				5CF994132A2255BC00C04D44 /* Debug */,
				5CF994142A2255BC00C04D44 /* Release */,
			);
			defaultConfigurationIsVisible = 0;
			defaultConfigurationName = Release;
		};
/* End XCConfigurationList section */

/* Begin XCRemoteSwiftPackageReference section */
		5C2170452A7D36920031B5EC /* XCRemoteSwiftPackageReference "SwiftUIX" */ = {
			isa = XCRemoteSwiftPackageReference;
			repositoryURL = "https://github.com/SwiftUIX/SwiftUIX.git";
			requirement = {
				kind = upToNextMajorVersion;
				minimumVersion = 0.1.6;
			};
		};
/* End XCRemoteSwiftPackageReference section */

/* Begin XCSwiftPackageProductDependency section */
		5C2170462A7D36920031B5EC /* SwiftUIX */ = {
			isa = XCSwiftPackageProductDependency;
			package = 5C2170452A7D36920031B5EC /* XCRemoteSwiftPackageReference "SwiftUIX" */;
			productName = SwiftUIX;
		};
/* End XCSwiftPackageProductDependency section */
	};
	rootObject = 5CF993FC2A2255B900C04D44 /* Project object */;
}
